{
  "name": "app-for-learning",
  "lockfileVersion": 2,
  "requires": true,
  "packages": {
    "": {
      "dependencies": {
        "hls.js": "^1.3.4"
      }
    },
    "node_modules/hls.js": {
      "version": "1.3.4",
      "resolved": "https://registry.npmjs.org/hls.js/-/hls.js-1.3.4.tgz",
      "integrity": "sha512-iFEwVqtEDk6sKotcTwtJ5OMo/nuDTk9PrpB8FI2J2WYf8EriTVfR4FaK0aNyYtwbYeRSWCXJKlz23xeREdlNYg=="
    }
  },
  "dependencies": {
    "hls.js": {
      "version": "1.3.4",
      "resolved": "https://registry.npmjs.org/hls.js/-/hls.js-1.3.4.tgz",
      "integrity": "sha512-iFEwVqtEDk6sKotcTwtJ5OMo/nuDTk9PrpB8FI2J2WYf8EriTVfR4FaK0aNyYtwbYeRSWCXJKlz23xeREdlNYg=="
    }
  }
}
